// !$*UTF8*$!
{
	archiveVersion = 1;
	classes = {
	};
	objectVersion = 50;
	objects = {

/* Begin PBXBuildFile section */
		8D7E01B62638204200D0004A /* AppDelegate.swift in Sources */ = {isa = PBXBuildFile; fileRef = 8D7E01B52638204200D0004A /* AppDelegate.swift */; };
		8D7E01B82638204200D0004A /* SceneDelegate.swift in Sources */ = {isa = PBXBuildFile; fileRef = 8D7E01B72638204200D0004A /* SceneDelegate.swift */; };
		8D7E01BA2638204200D0004A /* ViewController.swift in Sources */ = {isa = PBXBuildFile; fileRef = 8D7E01B92638204200D0004A /* ViewController.swift */; };
		8D7E01BD2638204200D0004A /* Main.storyboard in Resources */ = {isa = PBXBuildFile; fileRef = 8D7E01BB2638204200D0004A /* Main.storyboard */; };
		8D7E01BF2638204400D0004A /* Assets.xcassets in Resources */ = {isa = PBXBuildFile; fileRef = 8D7E01BE2638204400D0004A /* Assets.xcassets */; };
		8D7E01C22638204400D0004A /* LaunchScreen.storyboard in Resources */ = {isa = PBXBuildFile; fileRef = 8D7E01C02638204400D0004A /* LaunchScreen.storyboard */; };
		8D7E01CD2638204500D0004A /* COVID19Tests.swift in Sources */ = {isa = PBXBuildFile; fileRef = 8D7E01CC2638204500D0004A /* COVID19Tests.swift */; };
		8D7E01D82638204500D0004A /* COVID19UITests.swift in Sources */ = {isa = PBXBuildFile; fileRef = 8D7E01D72638204500D0004A /* COVID19UITests.swift */; };
/* End PBXBuildFile section */

/* Begin PBXContainerItemProxy section */
		8D7E01C92638204500D0004A /* PBXContainerItemProxy */ = {
			isa = PBXContainerItemProxy;
			containerPortal = 8D7E01AA2638204200D0004A /* Project object */;
			proxyType = 1;
			remoteGlobalIDString = 8D7E01B12638204200D0004A;
			remoteInfo = COVID19;
		};
		8D7E01D42638204500D0004A /* PBXContainerItemProxy */ = {
			isa = PBXContainerItemProxy;
			containerPortal = 8D7E01AA2638204200D0004A /* Project object */;
			proxyType = 1;
			remoteGlobalIDString = 8D7E01B12638204200D0004A;
			remoteInfo = COVID19;
		};
/* End PBXContainerItemProxy section */

/* Begin PBXFileReference section */
		8D7E01B22638204200D0004A /* COVID19.app */ = {isa = PBXFileReference; explicitFileType = wrapper.application; includeInIndex = 0; path = COVID19.app; sourceTree = BUILT_PRODUCTS_DIR; };
		8D7E01B52638204200D0004A /* AppDelegate.swift */ = {isa = PBXFileReference; lastKnownFileType = sourcecode.swift; path = AppDelegate.swift; sourceTree = "<group>"; };
		8D7E01B72638204200D0004A /* SceneDelegate.swift */ = {isa = PBXFileReference; lastKnownFileType = sourcecode.swift; path = SceneDelegate.swift; sourceTree = "<group>"; };
		8D7E01B92638204200D0004A /* ViewController.swift */ = {isa = PBXFileReference; lastKnownFileType = sourcecode.swift; path = ViewController.swift; sourceTree = "<group>"; };
		8D7E01BC2638204200D0004A /* Base */ = {isa = PBXFileReference; lastKnownFileType = file.storyboard; name = Base; path = Base.lproj/Main.storyboard; sourceTree = "<group>"; };
		8D7E01BE2638204400D0004A /* Assets.xcassets */ = {isa = PBXFileReference; lastKnownFileType = folder.assetcatalog; path = Assets.xcassets; sourceTree = "<group>"; };
		8D7E01C12638204400D0004A /* Base */ = {isa = PBXFileReference; lastKnownFileType = file.storyboard; name = Base; path = Base.lproj/LaunchScreen.storyboard; sourceTree = "<group>"; };
		8D7E01C32638204400D0004A /* Info.plist */ = {isa = PBXFileReference; lastKnownFileType = text.plist.xml; path = Info.plist; sourceTree = "<group>"; };
		8D7E01C82638204500D0004A /* COVID19Tests.xctest */ = {isa = PBXFileReference; explicitFileType = wrapper.cfbundle; includeInIndex = 0; path = COVID19Tests.xctest; sourceTree = BUILT_PRODUCTS_DIR; };
		8D7E01CC2638204500D0004A /* COVID19Tests.swift */ = {isa = PBXFileReference; lastKnownFileType = sourcecode.swift; path = COVID19Tests.swift; sourceTree = "<group>"; };
		8D7E01CE2638204500D0004A /* Info.plist */ = {isa = PBXFileReference; lastKnownFileType = text.plist.xml; path = Info.plist; sourceTree = "<group>"; };
		8D7E01D32638204500D0004A /* COVID19UITests.xctest */ = {isa = PBXFileReference; explicitFileType = wrapper.cfbundle; includeInIndex = 0; path = COVID19UITests.xctest; sourceTree = BUILT_PRODUCTS_DIR; };
		8D7E01D72638204500D0004A /* COVID19UITests.swift */ = {isa = PBXFileReference; lastKnownFileType = sourcecode.swift; path = COVID19UITests.swift; sourceTree = "<group>"; };
		8D7E01D92638204500D0004A /* Info.plist */ = {isa = PBXFileReference; lastKnownFileType = text.plist.xml; path = Info.plist; sourceTree = "<group>"; };
/* End PBXFileReference section */

/* Begin PBXFrameworksBuildPhase section */
		8D7E01AF2638204200D0004A /* Frameworks */ = {
			isa = PBXFrameworksBuildPhase;
			buildActionMask = 2147483647;
			files = (
			);
			runOnlyForDeploymentPostprocessing = 0;
		};
		8D7E01C52638204500D0004A /* Frameworks */ = {
			isa = PBXFrameworksBuildPhase;
			buildActionMask = 2147483647;
			files = (
			);
			runOnlyForDeploymentPostprocessing = 0;
		};
		8D7E01D02638204500D0004A /* Frameworks */ = {
			isa = PBXFrameworksBuildPhase;
			buildActionMask = 2147483647;
			files = (
			);
			runOnlyForDeploymentPostprocessing = 0;
		};
/* End PBXFrameworksBuildPhase section */

/* Begin PBXGroup section */
		8D7E01A92638204200D0004A = {
			isa = PBXGroup;
			children = (
				8D7E01B42638204200D0004A /* COVID19 */,
				8D7E01CB2638204500D0004A /* COVID19Tests */,
				8D7E01D62638204500D0004A /* COVID19UITests */,
				8D7E01B32638204200D0004A /* Products */,
			);
			sourceTree = "<group>";
		};
		8D7E01B32638204200D0004A /* Products */ = {
			isa = PBXGroup;
			children = (
				8D7E01B22638204200D0004A /* COVID19.app */,
				8D7E01C82638204500D0004A /* COVID19Tests.xctest */,
				8D7E01D32638204500D0004A /* COVID19UITests.xctest */,
			);
			name = Products;
			sourceTree = "<group>";
		};
		8D7E01B42638204200D0004A /* COVID19 */ = {
			isa = PBXGroup;
			children = (
				8D7E01B52638204200D0004A /* AppDelegate.swift */,
				8D7E01B72638204200D0004A /* SceneDelegate.swift */,
				8D7E01B92638204200D0004A /* ViewController.swift */,
				8D7E01BB2638204200D0004A /* Main.storyboard */,
				8D7E01BE2638204400D0004A /* Assets.xcassets */,
				8D7E01C02638204400D0004A /* LaunchScreen.storyboard */,
				8D7E01C32638204400D0004A /* Info.plist */,
			);
			path = COVID19;
			sourceTree = "<group>";
		};
		8D7E01CB2638204500D0004A /* COVID19Tests */ = {
			isa = PBXGroup;
			children = (
				8D7E01CC2638204500D0004A /* COVID19Tests.swift */,
				8D7E01CE2638204500D0004A /* Info.plist */,
			);
			path = COVID19Tests;
			sourceTree = "<group>";
		};
		8D7E01D62638204500D0004A /* COVID19UITests */ = {
			isa = PBXGroup;
			children = (
				8D7E01D72638204500D0004A /* COVID19UITests.swift */,
				8D7E01D92638204500D0004A /* Info.plist */,
			);
			path = COVID19UITests;
			sourceTree = "<group>";
		};
/* End PBXGroup section */

/* Begin PBXNativeTarget section */
		8D7E01B12638204200D0004A /* COVID19 */ = {
			isa = PBXNativeTarget;
			buildConfigurationList = 8D7E01DC2638204500D0004A /* Build configuration list for PBXNativeTarget "COVID19" */;
			buildPhases = (
				8D7E01AE2638204200D0004A /* Sources */,
				8D7E01AF2638204200D0004A /* Frameworks */,
				8D7E01B02638204200D0004A /* Resources */,
			);
			buildRules = (
			);
			dependencies = (
			);
			name = COVID19;
			productName = COVID19;
			productReference = 8D7E01B22638204200D0004A /* COVID19.app */;
			productType = "com.apple.product-type.application";
		};
		8D7E01C72638204500D0004A /* COVID19Tests */ = {
			isa = PBXNativeTarget;
			buildConfigurationList = 8D7E01DF2638204500D0004A /* Build configuration list for PBXNativeTarget "COVID19Tests" */;
			buildPhases = (
				8D7E01C42638204500D0004A /* Sources */,
				8D7E01C52638204500D0004A /* Frameworks */,
				8D7E01C62638204500D0004A /* Resources */,
			);
			buildRules = (
			);
			dependencies = (
				8D7E01CA2638204500D0004A /* PBXTargetDependency */,
			);
			name = COVID19Tests;
			productName = COVID19Tests;
			productReference = 8D7E01C82638204500D0004A /* COVID19Tests.xctest */;
			productType = "com.apple.product-type.bundle.unit-test";
		};
		8D7E01D22638204500D0004A /* COVID19UITests */ = {
			isa = PBXNativeTarget;
			buildConfigurationList = 8D7E01E22638204500D0004A /* Build configuration list for PBXNativeTarget "COVID19UITests" */;
			buildPhases = (
				8D7E01CF2638204500D0004A /* Sources */,
				8D7E01D02638204500D0004A /* Frameworks */,
				8D7E01D12638204500D0004A /* Resources */,
			);
			buildRules = (
			);
			dependencies = (
				8D7E01D52638204500D0004A /* PBXTargetDependency */,
			);
			name = COVID19UITests;
			productName = COVID19UITests;
			productReference = 8D7E01D32638204500D0004A /* COVID19UITests.xctest */;
			productType = "com.apple.product-type.bundle.ui-testing";
		};
/* End PBXNativeTarget section */

/* Begin PBXProject section */
		8D7E01AA2638204200D0004A /* Project object */ = {
			isa = PBXProject;
			attributes = {
				LastSwiftUpdateCheck = 1240;
				LastUpgradeCheck = 1240;
				TargetAttributes = {
					8D7E01B12638204200D0004A = {
						CreatedOnToolsVersion = 12.4;
					};
					8D7E01C72638204500D0004A = {
						CreatedOnToolsVersion = 12.4;
						TestTargetID = 8D7E01B12638204200D0004A;
					};
					8D7E01D22638204500D0004A = {
						CreatedOnToolsVersion = 12.4;
						TestTargetID = 8D7E01B12638204200D0004A;
					};
				};
			};
			buildConfigurationList = 8D7E01AD2638204200D0004A /* Build configuration list for PBXProject "COVID19" */;
			compatibilityVersion = "Xcode 9.3";
			developmentRegion = en;
			hasScannedForEncodings = 0;
			knownRegions = (
				en,
				Base,
			);
			mainGroup = 8D7E01A92638204200D0004A;
			productRefGroup = 8D7E01B32638204200D0004A /* Products */;
			projectDirPath = "";
			projectRoot = "";
			targets = (
				8D7E01B12638204200D0004A /* COVID19 */,
				8D7E01C72638204500D0004A /* COVID19Tests */,
				8D7E01D22638204500D0004A /* COVID19UITests */,
			);
		};
/* End PBXProject section */

/* Begin PBXResourcesBuildPhase section */
		8D7E01B02638204200D0004A /* Resources */ = {
			isa = PBXResourcesBuildPhase;
			buildActionMask = 2147483647;
			files = (
				8D7E01C22638204400D0004A /* LaunchScreen.storyboard in Resources */,
				8D7E01BF2638204400D0004A /* Assets.xcassets in Resources */,
				8D7E01BD2638204200D0004A /* Main.storyboard in Resources */,
			);
			runOnlyForDeploymentPostprocessing = 0;
		};
		8D7E01C62638204500D0004A /* Resources */ = {
			isa = PBXResourcesBuildPhase;
			buildActionMask = 2147483647;
			files = (
			);
			runOnlyForDeploymentPostprocessing = 0;
		};
		8D7E01D12638204500D0004A /* Resources */ = {
			isa = PBXResourcesBuildPhase;
			buildActionMask = 2147483647;
			files = (
			);
			runOnlyForDeploymentPostprocessing = 0;
		};
/* End PBXResourcesBuildPhase section */

/* Begin PBXSourcesBuildPhase section */
		8D7E01AE2638204200D0004A /* Sources */ = {
			isa = PBXSourcesBuildPhase;
			buildActionMask = 2147483647;
			files = (
				8D7E01BA2638204200D0004A /* ViewController.swift in Sources */,
				8D7E01B62638204200D0004A /* AppDelegate.swift in Sources */,
				8D7E01B82638204200D0004A /* SceneDelegate.swift in Sources */,
			);
			runOnlyForDeploymentPostprocessing = 0;
		};
		8D7E01C42638204500D0004A /* Sources */ = {
			isa = PBXSourcesBuildPhase;
			buildActionMask = 2147483647;
			files = (
				8D7E01CD2638204500D0004A /* COVID19Tests.swift in Sources */,
			);
			runOnlyForDeploymentPostprocessing = 0;
		};
		8D7E01CF2638204500D0004A /* Sources */ = {
			isa = PBXSourcesBuildPhase;
			buildActionMask = 2147483647;
			files = (
				8D7E01D82638204500D0004A /* COVID19UITests.swift in Sources */,
			);
			runOnlyForDeploymentPostprocessing = 0;
		};
/* End PBXSourcesBuildPhase section */

/* Begin PBXTargetDependency section */
		8D7E01CA2638204500D0004A /* PBXTargetDependency */ = {
			isa = PBXTargetDependency;
			target = 8D7E01B12638204200D0004A /* COVID19 */;
			targetProxy = 8D7E01C92638204500D0004A /* PBXContainerItemProxy */;
		};
		8D7E01D52638204500D0004A /* PBXTargetDependency */ = {
			isa = PBXTargetDependency;
			target = 8D7E01B12638204200D0004A /* COVID19 */;
			targetProxy = 8D7E01D42638204500D0004A /* PBXContainerItemProxy */;
		};
/* End PBXTargetDependency section */

/* Begin PBXVariantGroup section */
		8D7E01BB2638204200D0004A /* Main.storyboard */ = {
			isa = PBXVariantGroup;
			children = (
				8D7E01BC2638204200D0004A /* Base */,
			);
			name = Main.storyboard;
			sourceTree = "<group>";
		};
		8D7E01C02638204400D0004A /* LaunchScreen.storyboard */ = {
			isa = PBXVariantGroup;
			children = (
				8D7E01C12638204400D0004A /* Base */,
			);
			name = LaunchScreen.storyboard;
			sourceTree = "<group>";
		};
/* End PBXVariantGroup section */

/* Begin XCBuildConfiguration section */
		8D7E01DA2638204500D0004A /* Debug */ = {
			isa = XCBuildConfiguration;
			buildSettings = {
				ALWAYS_SEARCH_USER_PATHS = NO;
				CLANG_ANALYZER_NONNULL = YES;
				CLANG_ANALYZER_NUMBER_OBJECT_CONVERSION = YES_AGGRESSIVE;
				CLANG_CXX_LANGUAGE_STANDARD = "gnu++14";
				CLANG_CXX_LIBRARY = "libc++";
				CLANG_ENABLE_MODULES = YES;
				CLANG_ENABLE_OBJC_ARC = YES;
				CLANG_ENABLE_OBJC_WEAK = YES;
				CLANG_WARN_BLOCK_CAPTURE_AUTORELEASING = YES;
				CLANG_WARN_BOOL_CONVERSION = YES;
				CLANG_WARN_COMMA = YES;
				CLANG_WARN_CONSTANT_CONVERSION = YES;
				CLANG_WARN_DEPRECATED_OBJC_IMPLEMENTATIONS = YES;
				CLANG_WARN_DIRECT_OBJC_ISA_USAGE = YES_ERROR;
				CLANG_WARN_DOCUMENTATION_COMMENTS = YES;
				CLANG_WARN_EMPTY_BODY = YES;
				CLANG_WARN_ENUM_CONVERSION = YES;
				CLANG_WARN_INFINITE_RECURSION = YES;
				CLANG_WARN_INT_CONVERSION = YES;
				CLANG_WARN_NON_LITERAL_NULL_CONVERSION = YES;
				CLANG_WARN_OBJC_IMPLICIT_RETAIN_SELF = YES;
				CLANG_WARN_OBJC_LITERAL_CONVERSION = YES;
				CLANG_WARN_OBJC_ROOT_CLASS = YES_ERROR;
				CLANG_WARN_QUOTED_INCLUDE_IN_FRAMEWORK_HEADER = YES;
				CLANG_WARN_RANGE_LOOP_ANALYSIS = YES;
				CLANG_WARN_STRICT_PROTOTYPES = YES;
				CLANG_WARN_SUSPICIOUS_MOVE = YES;
				CLANG_WARN_UNGUARDED_AVAILABILITY = YES_AGGRESSIVE;
				CLANG_WARN_UNREACHABLE_CODE = YES;
				CLANG_WARN__DUPLICATE_METHOD_MATCH = YES;
				COPY_PHASE_STRIP = NO;
				DEBUG_INFORMATION_FORMAT = dwarf;
				ENABLE_STRICT_OBJC_MSGSEND = YES;
				ENABLE_TESTABILITY = YES;
				GCC_C_LANGUAGE_STANDARD = gnu11;
				GCC_DYNAMIC_NO_PIC = NO;
				GCC_NO_COMMON_BLOCKS = YES;
				GCC_OPTIMIZATION_LEVEL = 0;
				GCC_PREPROCESSOR_DEFINITIONS = (
					"DEBUG=1",
					"$(inherited)",
				);
				GCC_WARN_64_TO_32_BIT_CONVERSION = YES;
				GCC_WARN_ABOUT_RETURN_TYPE = YES_ERROR;
				GCC_WARN_UNDECLARED_SELECTOR = YES;
				GCC_WARN_UNINITIALIZED_AUTOS = YES_AGGRESSIVE;
				GCC_WARN_UNUSED_FUNCTION = YES;
				GCC_WARN_UNUSED_VARIABLE = YES;
				IPHONEOS_DEPLOYMENT_TARGET = 14.4;
				MTL_ENABLE_DEBUG_INFO = INCLUDE_SOURCE;
				MTL_FAST_MATH = YES;
				ONLY_ACTIVE_ARCH = YES;
				SDKROOT = iphoneos;
				SWIFT_ACTIVE_COMPILATION_CONDITIONS = DEBUG;
				SWIFT_OPTIMIZATION_LEVEL = "-Onone";
			};
			name = Debug;
		};
		8D7E01DB2638204500D0004A /* Release */ = {
			isa = XCBuildConfiguration;
			buildSettings = {
				ALWAYS_SEARCH_USER_PATHS = NO;
				CLANG_ANALYZER_NONNULL = YES;
				CLANG_ANALYZER_NUMBER_OBJECT_CONVERSION = YES_AGGRESSIVE;
				CLANG_CXX_LANGUAGE_STANDARD = "gnu++14";
				CLANG_CXX_LIBRARY = "libc++";
				CLANG_ENABLE_MODULES = YES;
				CLANG_ENABLE_OBJC_ARC = YES;
				CLANG_ENABLE_OBJC_WEAK = YES;
				CLANG_WARN_BLOCK_CAPTURE_AUTORELEASING = YES;
				CLANG_WARN_BOOL_CONVERSION = YES;
				CLANG_WARN_COMMA = YES;
				CLANG_WARN_CONSTANT_CONVERSION = YES;
				CLANG_WARN_DEPRECATED_OBJC_IMPLEMENTATIONS = YES;
				CLANG_WARN_DIRECT_OBJC_ISA_USAGE = YES_ERROR;
				CLANG_WARN_DOCUMENTATION_COMMENTS = YES;
				CLANG_WARN_EMPTY_BODY = YES;
				CLANG_WARN_ENUM_CONVERSION = YES;
				CLANG_WARN_INFINITE_RECURSION = YES;
				CLANG_WARN_INT_CONVERSION = YES;
				CLANG_WARN_NON_LITERAL_NULL_CONVERSION = YES;
				CLANG_WARN_OBJC_IMPLICIT_RETAIN_SELF = YES;
				CLANG_WARN_OBJC_LITERAL_CONVERSION = YES;
				CLANG_WARN_OBJC_ROOT_CLASS = YES_ERROR;
				CLANG_WARN_QUOTED_INCLUDE_IN_FRAMEWORK_HEADER = YES;
				CLANG_WARN_RANGE_LOOP_ANALYSIS = YES;
				CLANG_WARN_STRICT_PROTOTYPES = YES;
				CLANG_WARN_SUSPICIOUS_MOVE = YES;
				CLANG_WARN_UNGUARDED_AVAILABILITY = YES_AGGRESSIVE;
				CLANG_WARN_UNREACHABLE_CODE = YES;
				CLANG_WARN__DUPLICATE_METHOD_MATCH = YES;
				COPY_PHASE_STRIP = NO;
				DEBUG_INFORMATION_FORMAT = "dwarf-with-dsym";
				ENABLE_NS_ASSERTIONS = NO;
				ENABLE_STRICT_OBJC_MSGSEND = YES;
				GCC_C_LANGUAGE_STANDARD = gnu11;
				GCC_NO_COMMON_BLOCKS = YES;
				GCC_WARN_64_TO_32_BIT_CONVERSION = YES;
				GCC_WARN_ABOUT_RETURN_TYPE = YES_ERROR;
				GCC_WARN_UNDECLARED_SELECTOR = YES;
				GCC_WARN_UNINITIALIZED_AUTOS = YES_AGGRESSIVE;
				GCC_WARN_UNUSED_FUNCTION = YES;
				GCC_WARN_UNUSED_VARIABLE = YES;
				IPHONEOS_DEPLOYMENT_TARGET = 14.4;
				MTL_ENABLE_DEBUG_INFO = NO;
				MTL_FAST_MATH = YES;
				SDKROOT = iphoneos;
				SWIFT_COMPILATION_MODE = wholemodule;
				SWIFT_OPTIMIZATION_LEVEL = "-O";
				VALIDATE_PRODUCT = YES;
			};
			name = Release;
		};
		8D7E01DD2638204500D0004A /* Debug */ = {
			isa = XCBuildConfiguration;
			buildSettings = {
				ASSETCATALOG_COMPILER_APPICON_NAME = AppIcon;
				ASSETCATALOG_COMPILER_GLOBAL_ACCENT_COLOR_NAME = AccentColor;
				CODE_SIGN_STYLE = Automatic;
				DEVELOPMENT_TEAM = JMS9436WUT;
				INFOPLIST_FILE = COVID19/Info.plist;
				LD_RUNPATH_SEARCH_PATHS = (
					"$(inherited)",
					"@executable_path/Frameworks",
				);
				PRODUCT_BUNDLE_IDENTIFIER = RACHA.COVID19;
				PRODUCT_NAME = "$(TARGET_NAME)";
				SWIFT_VERSION = 5.0;
				TARGETED_DEVICE_FAMILY = "1,2";
			};
			name = Debug;
		};
		8D7E01DE2638204500D0004A /* Release */ = {
			isa = XCBuildConfiguration;
			buildSettings = {
				ASSETCATALOG_COMPILER_APPICON_NAME = AppIcon;
				ASSETCATALOG_COMPILER_GLOBAL_ACCENT_COLOR_NAME = AccentColor;
				CODE_SIGN_STYLE = Automatic;
				DEVELOPMENT_TEAM = JMS9436WUT;
				INFOPLIST_FILE = COVID19/Info.plist;
				LD_RUNPATH_SEARCH_PATHS = (
					"$(inherited)",
					"@executable_path/Frameworks",
				);
				PRODUCT_BUNDLE_IDENTIFIER = RACHA.COVID19;
				PRODUCT_NAME = "$(TARGET_NAME)";
				SWIFT_VERSION = 5.0;
				TARGETED_DEVICE_FAMILY = "1,2";
			};
			name = Release;
		};
		8D7E01E02638204500D0004A /* Debug */ = {
			isa = XCBuildConfiguration;
			buildSettings = {
				ALWAYS_EMBED_SWIFT_STANDARD_LIBRARIES = YES;
				BUNDLE_LOADER = "$(TEST_HOST)";
				CODE_SIGN_STYLE = Automatic;
				DEVELOPMENT_TEAM = JMS9436WUT;
				INFOPLIST_FILE = COVID19Tests/Info.plist;
				IPHONEOS_DEPLOYMENT_TARGET = 14.4;
				LD_RUNPATH_SEARCH_PATHS = (
					"$(inherited)",
					"@executable_path/Frameworks",
					"@loader_path/Frameworks",
				);
				PRODUCT_BUNDLE_IDENTIFIER = RACHA.COVID19Tests;
				PRODUCT_NAME = "$(TARGET_NAME)";
				SWIFT_VERSION = 5.0;
				TARGETED_DEVICE_FAMILY = "1,2";
				TEST_HOST = "$(BUILT_PRODUCTS_DIR)/COVID19.app/COVID19";
			};
			name = Debug;
		};
		8D7E01E12638204500D0004A /* Release */ = {
			isa = XCBuildConfiguration;
			buildSettings = {
				ALWAYS_EMBED_SWIFT_STANDARD_LIBRARIES = YES;
				BUNDLE_LOADER = "$(TEST_HOST)";
				CODE_SIGN_STYLE = Automatic;
				DEVELOPMENT_TEAM = JMS9436WUT;
				INFOPLIST_FILE = COVID19Tests/Info.plist;
				IPHONEOS_DEPLOYMENT_TARGET = 14.4;
				LD_RUNPATH_SEARCH_PATHS = (
					"$(inherited)",
					"@executable_path/Frameworks",
					"@loader_path/Frameworks",
				);
				PRODUCT_BUNDLE_IDENTIFIER = RACHA.COVID19Tests;
				PRODUCT_NAME = "$(TARGET_NAME)";
				SWIFT_VERSION = 5.0;
				TARGETED_DEVICE_FAMILY = "1,2";
				TEST_HOST = "$(BUILT_PRODUCTS_DIR)/COVID19.app/COVID19";
			};
			name = Release;
		};
		8D7E01E32638204500D0004A /* Debug */ = {
			isa = XCBuildConfiguration;
			buildSettings = {
				ALWAYS_EMBED_SWIFT_STANDARD_LIBRARIES = YES;
				CODE_SIGN_STYLE = Automatic;
				DEVELOPMENT_TEAM = JMS9436WUT;
				INFOPLIST_FILE = COVID19UITests/Info.plist;
				LD_RUNPATH_SEARCH_PATHS = (
					"$(inherited)",
					"@executable_path/Frameworks",
					"@loader_path/Frameworks",
				);
				PRODUCT_BUNDLE_IDENTIFIER = RACHA.COVID19UITests;
				PRODUCT_NAME = "$(TARGET_NAME)";
				SWIFT_VERSION = 5.0;
				TARGETED_DEVICE_FAMILY = "1,2";
				TEST_TARGET_NAME = COVID19;
			};
			name = Debug;
		};
		8D7E01E42638204500D0004A /* Release */ = {
			isa = XCBuildConfiguration;
			buildSettings = {
				ALWAYS_EMBED_SWIFT_STANDARD_LIBRARIES = YES;
				CODE_SIGN_STYLE = Automatic;
				DEVELOPMENT_TEAM = JMS9436WUT;
				INFOPLIST_FILE = COVID19UITests/Info.plist;
				LD_RUNPATH_SEARCH_PATHS = (
					"$(inherited)",
					"@executable_path/Frameworks",
					"@loader_path/Frameworks",
				);
				PRODUCT_BUNDLE_IDENTIFIER = RACHA.COVID19UITests;
				PRODUCT_NAME = "$(TARGET_NAME)";
				SWIFT_VERSION = 5.0;
				TARGETED_DEVICE_FAMILY = "1,2";
				TEST_TARGET_NAME = COVID19;
			};
			name = Release;
		};
/* End XCBuildConfiguration section */

/* Begin XCConfigurationList section */
		8D7E01AD2638204200D0004A /* Build configuration list for PBXProject "COVID19" */ = {
			isa = XCConfigurationList;
			buildConfigurations = (
				8D7E01DA2638204500D0004A /* Debug */,
				8D7E01DB2638204500D0004A /* Release */,
			);
			defaultConfigurationIsVisible = 0;
			defaultConfigurationName = Release;
		};
		8D7E01DC2638204500D0004A /* Build configuration list for PBXNativeTarget "COVID19" */ = {
			isa = XCConfigurationList;
			buildConfigurations = (
				8D7E01DD2638204500D0004A /* Debug */,
				8D7E01DE2638204500D0004A /* Release */,
			);
			defaultConfigurationIsVisible = 0;
			defaultConfigurationName = Release;
		};
		8D7E01DF2638204500D0004A /* Build configuration list for PBXNativeTarget "COVID19Tests" */ = {
			isa = XCConfigurationList;
			buildConfigurations = (
				8D7E01E02638204500D0004A /* Debug */,
				8D7E01E12638204500D0004A /* Release */,
			);
			defaultConfigurationIsVisible = 0;
			defaultConfigurationName = Release;
		};
		8D7E01E22638204500D0004A /* Build configuration list for PBXNativeTarget "COVID19UITests" */ = {
			isa = XCConfigurationList;
			buildConfigurations = (
				8D7E01E32638204500D0004A /* Debug */,
				8D7E01E42638204500D0004A /* Release */,
			);
			defaultConfigurationIsVisible = 0;
			defaultConfigurationName = Release;
		};
/* End XCConfigurationList section */
	};
	rootObject = 8D7E01AA2638204200D0004A /* Project object */;
}
